
Microsoft Visual Studio Solution File, Format Version 12.00
# Visual Studio Version 17
VisualStudioVersion = 17.14.36414.22
MinimumVisualStudioVersion = 10.0.40219.1
Project("{FAE04EC0-301F-11D3-BF4B-00C04F79EFBC}") = "01_MainSubjects", "01_MainSubjects\01_MainSubjects.csproj", "{A35291D2-4D23-4DA3-B102-908E7335A555}"
EndProject
Project("{FAE04EC0-301F-11D3-BF4B-00C04F79EFBC}") = "02_Variables", "02_Variables\02_Variables.csproj", "{E20FDE40-42B7-409D-82F2-65FFFC84CAD1}"
EndProject
Project("{FAE04EC0-301F-11D3-BF4B-00C04F79EFBC}") = "03_MakingDecision", "03_MakingDecision\03_MakingDecision.csproj", "{D8FD6399-335A-49CC-8FF4-172190D84809}"
EndProject
Project("{FAE04EC0-301F-11D3-BF4B-00C04F79EFBC}") = "04_Loops", "04_Loops\04_Loops.csproj", "{A7A96E59-5790-40DD-B662-7BAB6ADEE5BC}"
EndProject
Project("{FAE04EC0-301F-11D3-BF4B-00C04F79EFBC}") = "05_LoopsWithStars", "05_LoopsWithStars\05_LoopsWithStars.csproj", "{6C5351FF-D939-4B06-A972-7A49D93E1D4A}"
EndProject
Global
	GlobalSection(SolutionConfigurationPlatforms) = preSolution
		Debug|Any CPU = Debug|Any CPU
		Release|Any CPU = Release|Any CPU
	EndGlobalSection
	GlobalSection(ProjectConfigurationPlatforms) = postSolution
		{A35291D2-4D23-4DA3-B102-908E7335A555}.Debug|Any CPU.ActiveCfg = Debug|Any CPU
		{A35291D2-4D23-4DA3-B102-908E7335A555}.Debug|Any CPU.Build.0 = Debug|Any CPU
		{A35291D2-4D23-4DA3-B102-908E7335A555}.Release|Any CPU.ActiveCfg = Release|Any CPU
		{A35291D2-4D23-4DA3-B102-908E7335A555}.Release|Any CPU.Build.0 = Release|Any CPU
		{E20FDE40-42B7-409D-82F2-65FFFC84CAD1}.Debug|Any CPU.ActiveCfg = Debug|Any CPU
		{E20FDE40-42B7-409D-82F2-65FFFC84CAD1}.Debug|Any CPU.Build.0 = Debug|Any CPU
		{E20FDE40-42B7-409D-82F2-65FFFC84CAD1}.Release|Any CPU.ActiveCfg = Release|Any CPU
		{E20FDE40-42B7-409D-82F2-65FFFC84CAD1}.Release|Any CPU.Build.0 = Release|Any CPU
		{D8FD6399-335A-49CC-8FF4-172190D84809}.Debug|Any CPU.ActiveCfg = Debug|Any CPU
		{D8FD6399-335A-49CC-8FF4-172190D84809}.Debug|Any CPU.Build.0 = Debug|Any CPU
		{D8FD6399-335A-49CC-8FF4-172190D84809}.Release|Any CPU.ActiveCfg = Release|Any CPU
		{D8FD6399-335A-49CC-8FF4-172190D84809}.Release|Any CPU.Build.0 = Release|Any CPU
		{A7A96E59-5790-40DD-B662-7BAB6ADEE5BC}.Debug|Any CPU.ActiveCfg = Debug|Any CPU
		{A7A96E59-5790-40DD-B662-7BAB6ADEE5BC}.Debug|Any CPU.Build.0 = Debug|Any CPU
		{A7A96E59-5790-40DD-B662-7BAB6ADEE5BC}.Release|Any CPU.ActiveCfg = Release|Any CPU
		{A7A96E59-5790-40DD-B662-7BAB6ADEE5BC}.Release|Any CPU.Build.0 = Release|Any CPU
		{6C5351FF-D939-4B06-A972-7A49D93E1D4A}.Debug|Any CPU.ActiveCfg = Debug|Any CPU
		{6C5351FF-D939-4B06-A972-7A49D93E1D4A}.Debug|Any CPU.Build.0 = Debug|Any CPU
		{6C5351FF-D939-4B06-A972-7A49D93E1D4A}.Release|Any CPU.ActiveCfg = Release|Any CPU
		{6C5351FF-D939-4B06-A972-7A49D93E1D4A}.Release|Any CPU.Build.0 = Release|Any CPU
	EndGlobalSection
	GlobalSection(SolutionProperties) = preSolution
		HideSolutionNode = FALSE
	EndGlobalSection
	GlobalSection(ExtensibilityGlobals) = postSolution
		SolutionGuid = {E1DE3725-F69E-4542-93FC-4B81679A7646}
	EndGlobalSection
EndGlobal
