
Microsoft Visual Studio Solution File, Format Version 12.00
# Visual Studio Version 17
VisualStudioVersion = 17.14.36414.22
MinimumVisualStudioVersion = 10.0.40219.1
Project("{FAE04EC0-301F-11D3-BF4B-00C04F79EFBC}") = "01_MainSubjects", "01_MainSubjects\01_MainSubjects.csproj", "{A35291D2-4D23-4DA3-B102-908E7335A555}"
EndProject
Project("{FAE04EC0-301F-11D3-BF4B-00C04F79EFBC}") = "02_Variables", "02_Variables\02_Variables.csproj", "{E20FDE40-42B7-409D-82F2-65FFFC84CAD1}"
EndProject
Project("{FAE04EC0-301F-11D3-BF4B-00C04F79EFBC}") = "03_MakingDecision", "03_MakingDecision\03_MakingDecision.csproj", "{D8FD6399-335A-49CC-8FF4-172190D84809}"
EndProject
Project("{FAE04EC0-301F-11D3-BF4B-00C04F79EFBC}") = "04_Loops", "04_Loops\04_Loops.csproj", "{A7A96E59-5790-40DD-B662-7BAB6ADEE5BC}"
EndProject
Project("{FAE04EC0-301F-11D3-BF4B-00C04F79EFBC}") = "05_LoopsWithStars", "05_LoopsWithStars\05_LoopsWithStars.csproj", "{6C5351FF-D939-4B06-A972-7A49D93E1D4A}"
EndProject
Project("{FAE04EC0-301F-11D3-BF4B-00C04F79EFBC}") = "06_Arrays", "06_Arrays\06_Arrays.csproj", "{798AB9F4-8BCC-45EA-A1AE-DFDEA44B6013}"
EndProject
Project("{FAE04EC0-301F-11D3-BF4B-00C04F79EFBC}") = "07_ForeachLoops", "07_ForeachLoops\07_ForeachLoops.csproj", "{D4C76870-653C-4049-A4B5-0C7E24EE90C1}"
EndProject
Project("{FAE04EC0-301F-11D3-BF4B-00C04F79EFBC}") = "08_Methods", "08_Methods\08_Methods.csproj", "{5EE5484C-C853-40F6-87BA-967310D7B519}"
EndProject
Project("{FAE04EC0-301F-11D3-BF4B-00C04F79EFBC}") = "09_DatabaseProject", "09_DatabaseProject\09_DatabaseProject.csproj", "{BB1237B6-3006-4CB7-BDD5-BA93AB2E584A}"
EndProject
Project("{FAE04EC0-301F-11D3-BF4B-00C04F79EFBC}") = "10_DatabaseCrud", "10_DatabaseCrud\10_DatabaseCrud.csproj", "{0AF0DC1C-B281-4A3F-82A8-0A95CAC777F6}"
EndProject
Global
	GlobalSection(SolutionConfigurationPlatforms) = preSolution
		Debug|Any CPU = Debug|Any CPU
		Release|Any CPU = Release|Any CPU
	EndGlobalSection
	GlobalSection(ProjectConfigurationPlatforms) = postSolution
		{A35291D2-4D23-4DA3-B102-908E7335A555}.Debug|Any CPU.ActiveCfg = Debug|Any CPU
		{A35291D2-4D23-4DA3-B102-908E7335A555}.Debug|Any CPU.Build.0 = Debug|Any CPU
		{A35291D2-4D23-4DA3-B102-908E7335A555}.Release|Any CPU.ActiveCfg = Release|Any CPU
		{A35291D2-4D23-4DA3-B102-908E7335A555}.Release|Any CPU.Build.0 = Release|Any CPU
		{E20FDE40-42B7-409D-82F2-65FFFC84CAD1}.Debug|Any CPU.ActiveCfg = Debug|Any CPU
		{E20FDE40-42B7-409D-82F2-65FFFC84CAD1}.Debug|Any CPU.Build.0 = Debug|Any CPU
		{E20FDE40-42B7-409D-82F2-65FFFC84CAD1}.Release|Any CPU.ActiveCfg = Release|Any CPU
		{E20FDE40-42B7-409D-82F2-65FFFC84CAD1}.Release|Any CPU.Build.0 = Release|Any CPU
		{D8FD6399-335A-49CC-8FF4-172190D84809}.Debug|Any CPU.ActiveCfg = Debug|Any CPU
		{D8FD6399-335A-49CC-8FF4-172190D84809}.Debug|Any CPU.Build.0 = Debug|Any CPU
		{D8FD6399-335A-49CC-8FF4-172190D84809}.Release|Any CPU.ActiveCfg = Release|Any CPU
		{D8FD6399-335A-49CC-8FF4-172190D84809}.Release|Any CPU.Build.0 = Release|Any CPU
		{A7A96E59-5790-40DD-B662-7BAB6ADEE5BC}.Debug|Any CPU.ActiveCfg = Debug|Any CPU
		{A7A96E59-5790-40DD-B662-7BAB6ADEE5BC}.Debug|Any CPU.Build.0 = Debug|Any CPU
		{A7A96E59-5790-40DD-B662-7BAB6ADEE5BC}.Release|Any CPU.ActiveCfg = Release|Any CPU
		{A7A96E59-5790-40DD-B662-7BAB6ADEE5BC}.Release|Any CPU.Build.0 = Release|Any CPU
		{6C5351FF-D939-4B06-A972-7A49D93E1D4A}.Debug|Any CPU.ActiveCfg = Debug|Any CPU
		{6C5351FF-D939-4B06-A972-7A49D93E1D4A}.Debug|Any CPU.Build.0 = Debug|Any CPU
		{6C5351FF-D939-4B06-A972-7A49D93E1D4A}.Release|Any CPU.ActiveCfg = Release|Any CPU
		{6C5351FF-D939-4B06-A972-7A49D93E1D4A}.Release|Any CPU.Build.0 = Release|Any CPU
		{798AB9F4-8BCC-45EA-A1AE-DFDEA44B6013}.Debug|Any CPU.ActiveCfg = Debug|Any CPU
		{798AB9F4-8BCC-45EA-A1AE-DFDEA44B6013}.Debug|Any CPU.Build.0 = Debug|Any CPU
		{798AB9F4-8BCC-45EA-A1AE-DFDEA44B6013}.Release|Any CPU.ActiveCfg = Release|Any CPU
		{798AB9F4-8BCC-45EA-A1AE-DFDEA44B6013}.Release|Any CPU.Build.0 = Release|Any CPU
		{D4C76870-653C-4049-A4B5-0C7E24EE90C1}.Debug|Any CPU.ActiveCfg = Debug|Any CPU
		{D4C76870-653C-4049-A4B5-0C7E24EE90C1}.Debug|Any CPU.Build.0 = Debug|Any CPU
		{D4C76870-653C-4049-A4B5-0C7E24EE90C1}.Release|Any CPU.ActiveCfg = Release|Any CPU
		{D4C76870-653C-4049-A4B5-0C7E24EE90C1}.Release|Any CPU.Build.0 = Release|Any CPU
		{5EE5484C-C853-40F6-87BA-967310D7B519}.Debug|Any CPU.ActiveCfg = Debug|Any CPU
		{5EE5484C-C853-40F6-87BA-967310D7B519}.Debug|Any CPU.Build.0 = Debug|Any CPU
		{5EE5484C-C853-40F6-87BA-967310D7B519}.Release|Any CPU.ActiveCfg = Release|Any CPU
		{5EE5484C-C853-40F6-87BA-967310D7B519}.Release|Any CPU.Build.0 = Release|Any CPU
		{BB1237B6-3006-4CB7-BDD5-BA93AB2E584A}.Debug|Any CPU.ActiveCfg = Debug|Any CPU
		{BB1237B6-3006-4CB7-BDD5-BA93AB2E584A}.Debug|Any CPU.Build.0 = Debug|Any CPU
		{BB1237B6-3006-4CB7-BDD5-BA93AB2E584A}.Release|Any CPU.ActiveCfg = Release|Any CPU
		{BB1237B6-3006-4CB7-BDD5-BA93AB2E584A}.Release|Any CPU.Build.0 = Release|Any CPU
		{0AF0DC1C-B281-4A3F-82A8-0A95CAC777F6}.Debug|Any CPU.ActiveCfg = Debug|Any CPU
		{0AF0DC1C-B281-4A3F-82A8-0A95CAC777F6}.Debug|Any CPU.Build.0 = Debug|Any CPU
		{0AF0DC1C-B281-4A3F-82A8-0A95CAC777F6}.Release|Any CPU.ActiveCfg = Release|Any CPU
		{0AF0DC1C-B281-4A3F-82A8-0A95CAC777F6}.Release|Any CPU.Build.0 = Release|Any CPU
	EndGlobalSection
	GlobalSection(SolutionProperties) = preSolution
		HideSolutionNode = FALSE
	EndGlobalSection
	GlobalSection(ExtensibilityGlobals) = postSolution
		SolutionGuid = {E1DE3725-F69E-4542-93FC-4B81679A7646}
	EndGlobalSection
EndGlobal
